
Microsoft Visual Studio Solution File, Format Version 12.00
# Visual Studio Version 16
VisualStudioVersion = 16.0.31424.327
MinimumVisualStudioVersion = 10.0.40219.1
Project("{FAE04EC0-301F-11D3-BF4B-00C04F79EFBC}") = "ModernDesign", "ModernDesign\ModernDesign.csproj", "{CA0E1824-E7C4-444B-9C20-61650DEDEF10}"
EndProject
Global
	GlobalSection(SolutionConfigurationPlatforms) = preSolution
		Debug|Any CPU = Debug|Any CPU
		Release|Any CPU = Release|Any CPU
	EndGlobalSection
	GlobalSection(ProjectConfigurationPlatforms) = postSolution
		{CA0E1824-E7C4-444B-9C20-61650DEDEF10}.Debug|Any CPU.ActiveCfg = Debug|Any CPU
		{CA0E1824-E7C4-444B-9C20-61650DEDEF10}.Debug|Any CPU.Build.0 = Debug|Any CPU
		{CA0E1824-E7C4-444B-9C20-61650DEDEF10}.Release|Any CPU.ActiveCfg = Release|Any CPU
		{CA0E1824-E7C4-444B-9C20-61650DEDEF10}.Release|Any CPU.Build.0 = Release|Any CPU
	EndGlobalSection
	GlobalSection(SolutionProperties) = preSolution
		HideSolutionNode = FALSE
	EndGlobalSection
	GlobalSection(ExtensibilityGlobals) = postSolution
		SolutionGuid = {F48CB6E9-0D2C-4553-B4EA-D48DB491FD66}
	EndGlobalSection
EndGlobal
